// !$*UTF8*$!
{
	archiveVersion = 1;
	classes = {
	};
	objectVersion = 56;
	objects = {

/* Begin PBXBuildFile section */
		3F6C25152C182CBF0028CA4A /* Book+CoreDataClass.swift in Sources */ = {isa = PBXBuildFile; fileRef = 3F6C250F2C182CBF0028CA4A /* Book+CoreDataClass.swift */; };
		3F6C25162C182CBF0028CA4A /* Book+CoreDataProperties.swift in Sources */ = {isa = PBXBuildFile; fileRef = 3F6C25102C182CBF0028CA4A /* Book+CoreDataProperties.swift */; };
		3F6C25172C182CBF0028CA4A /* Library+CoreDataClass.swift in Sources */ = {isa = PBXBuildFile; fileRef = 3F6C25112C182CBF0028CA4A /* Library+CoreDataClass.swift */; };
		3F6C25182C182CBF0028CA4A /* Library+CoreDataProperties.swift in Sources */ = {isa = PBXBuildFile; fileRef = 3F6C25122C182CBF0028CA4A /* Library+CoreDataProperties.swift */; };
		3F6C25192C182CBF0028CA4A /* Author+CoreDataClass.swift in Sources */ = {isa = PBXBuildFile; fileRef = 3F6C25132C182CBF0028CA4A /* Author+CoreDataClass.swift */; };
		3F6C251A2C182CBF0028CA4A /* Author+CoreDataProperties.swift in Sources */ = {isa = PBXBuildFile; fileRef = 3F6C25142C182CBF0028CA4A /* Author+CoreDataProperties.swift */; };
		3FA184DE2C1ADF8500BD07F7 /* AddAuthorView.swift in Sources */ = {isa = PBXBuildFile; fileRef = 3FA184DD2C1ADF8500BD07F7 /* AddAuthorView.swift */; };
		3FA63DF72C0EE930004F58E2 /* bookManagmentAppApp.swift in Sources */ = {isa = PBXBuildFile; fileRef = 3FA63DF62C0EE930004F58E2 /* bookManagmentAppApp.swift */; };
		3FA63DF92C0EE930004F58E2 /* ContentView.swift in Sources */ = {isa = PBXBuildFile; fileRef = 3FA63DF82C0EE930004F58E2 /* ContentView.swift */; };
		3FA63DFB2C0EE931004F58E2 /* Assets.xcassets in Resources */ = {isa = PBXBuildFile; fileRef = 3FA63DFA2C0EE931004F58E2 /* Assets.xcassets */; };
		3FA63DFE2C0EE931004F58E2 /* Preview Assets.xcassets in Resources */ = {isa = PBXBuildFile; fileRef = 3FA63DFD2C0EE931004F58E2 /* Preview Assets.xcassets */; };
		3FA63E002C0EE931004F58E2 /* Persistence.swift in Sources */ = {isa = PBXBuildFile; fileRef = 3FA63DFF2C0EE931004F58E2 /* Persistence.swift */; };
		3FA63E032C0EE931004F58E2 /* bookManagmentApp.xcdatamodeld in Sources */ = {isa = PBXBuildFile; fileRef = 3FA63E012C0EE931004F58E2 /* bookManagmentApp.xcdatamodeld */; };
		3FE6D6C42C1AD0B50012B1D0 /* BookView.swift in Sources */ = {isa = PBXBuildFile; fileRef = 3FE6D6C32C1AD0B50012B1D0 /* BookView.swift */; };
		3FE6D6C72C1AD6F30012B1D0 /* NewLibraryView.swift in Sources */ = {isa = PBXBuildFile; fileRef = 3FE6D6C52C1AD6F30012B1D0 /* NewLibraryView.swift */; };
		3FE6D6C82C1AD6F30012B1D0 /* NewLibraryViewModel.swift in Sources */ = {isa = PBXBuildFile; fileRef = 3FE6D6C62C1AD6F30012B1D0 /* NewLibraryViewModel.swift */; };
		3FE6D6CC2C1AD8B10012B1D0 /* ForsenFormView.swift in Sources */ = {isa = PBXBuildFile; fileRef = 3FE6D6CB2C1AD8B10012B1D0 /* ForsenFormView.swift */; };
		3FE6D6CE2C1AD8B30012B1D0 /* ForsenBookViewModel.swift in Sources */ = {isa = PBXBuildFile; fileRef = 3FE6D6CD2C1AD8B30012B1D0 /* ForsenBookViewModel.swift */; };
		3FE6D6D02C1AE13F0012B1D0 /* ToastView.swift in Sources */ = {isa = PBXBuildFile; fileRef = 3FE6D6CF2C1AE13F0012B1D0 /* ToastView.swift */; };
/* End PBXBuildFile section */

/* Begin PBXFileReference section */
		3F6C250F2C182CBF0028CA4A /* Book+CoreDataClass.swift */ = {isa = PBXFileReference; lastKnownFileType = sourcecode.swift; path = "Book+CoreDataClass.swift"; sourceTree = "<group>"; };
		3F6C25102C182CBF0028CA4A /* Book+CoreDataProperties.swift */ = {isa = PBXFileReference; lastKnownFileType = sourcecode.swift; path = "Book+CoreDataProperties.swift"; sourceTree = "<group>"; };
		3F6C25112C182CBF0028CA4A /* Library+CoreDataClass.swift */ = {isa = PBXFileReference; lastKnownFileType = sourcecode.swift; path = "Library+CoreDataClass.swift"; sourceTree = "<group>"; };
		3F6C25122C182CBF0028CA4A /* Library+CoreDataProperties.swift */ = {isa = PBXFileReference; lastKnownFileType = sourcecode.swift; path = "Library+CoreDataProperties.swift"; sourceTree = "<group>"; };
		3F6C25132C182CBF0028CA4A /* Author+CoreDataClass.swift */ = {isa = PBXFileReference; lastKnownFileType = sourcecode.swift; path = "Author+CoreDataClass.swift"; sourceTree = "<group>"; };
		3F6C25142C182CBF0028CA4A /* Author+CoreDataProperties.swift */ = {isa = PBXFileReference; lastKnownFileType = sourcecode.swift; path = "Author+CoreDataProperties.swift"; sourceTree = "<group>"; };
		3FA184DD2C1ADF8500BD07F7 /* AddAuthorView.swift */ = {isa = PBXFileReference; lastKnownFileType = sourcecode.swift; path = AddAuthorView.swift; sourceTree = "<group>"; };
		3FA63DF32C0EE930004F58E2 /* bookManagmentApp.app */ = {isa = PBXFileReference; explicitFileType = wrapper.application; includeInIndex = 0; path = bookManagmentApp.app; sourceTree = BUILT_PRODUCTS_DIR; };
		3FA63DF62C0EE930004F58E2 /* bookManagmentAppApp.swift */ = {isa = PBXFileReference; lastKnownFileType = sourcecode.swift; path = bookManagmentAppApp.swift; sourceTree = "<group>"; };
		3FA63DF82C0EE930004F58E2 /* ContentView.swift */ = {isa = PBXFileReference; lastKnownFileType = sourcecode.swift; path = ContentView.swift; sourceTree = "<group>"; };
		3FA63DFA2C0EE931004F58E2 /* Assets.xcassets */ = {isa = PBXFileReference; lastKnownFileType = folder.assetcatalog; path = Assets.xcassets; sourceTree = "<group>"; };
		3FA63DFD2C0EE931004F58E2 /* Preview Assets.xcassets */ = {isa = PBXFileReference; lastKnownFileType = folder.assetcatalog; path = "Preview Assets.xcassets"; sourceTree = "<group>"; };
		3FA63DFF2C0EE931004F58E2 /* Persistence.swift */ = {isa = PBXFileReference; lastKnownFileType = sourcecode.swift; path = Persistence.swift; sourceTree = "<group>"; };
		3FA63E022C0EE931004F58E2 /* bookManagmentApp.xcdatamodel */ = {isa = PBXFileReference; lastKnownFileType = wrapper.xcdatamodel; path = bookManagmentApp.xcdatamodel; sourceTree = "<group>"; };
		3FE6D6C32C1AD0B50012B1D0 /* BookView.swift */ = {isa = PBXFileReference; lastKnownFileType = sourcecode.swift; path = BookView.swift; sourceTree = "<group>"; };
		3FE6D6C52C1AD6F30012B1D0 /* NewLibraryView.swift */ = {isa = PBXFileReference; fileEncoding = 4; lastKnownFileType = sourcecode.swift; path = NewLibraryView.swift; sourceTree = "<group>"; };
		3FE6D6C62C1AD6F30012B1D0 /* NewLibraryViewModel.swift */ = {isa = PBXFileReference; fileEncoding = 4; lastKnownFileType = sourcecode.swift; path = NewLibraryViewModel.swift; sourceTree = "<group>"; };
		3FE6D6CB2C1AD8B10012B1D0 /* ForsenFormView.swift */ = {isa = PBXFileReference; lastKnownFileType = sourcecode.swift; path = ForsenFormView.swift; sourceTree = "<group>"; };
		3FE6D6CD2C1AD8B30012B1D0 /* ForsenBookViewModel.swift */ = {isa = PBXFileReference; lastKnownFileType = sourcecode.swift; path = ForsenBookViewModel.swift; sourceTree = "<group>"; };
		3FE6D6CF2C1AE13F0012B1D0 /* ToastView.swift */ = {isa = PBXFileReference; lastKnownFileType = sourcecode.swift; path = ToastView.swift; sourceTree = "<group>"; };
/* End PBXFileReference section */

/* Begin PBXFrameworksBuildPhase section */
		3FA63DF02C0EE930004F58E2 /* Frameworks */ = {
			isa = PBXFrameworksBuildPhase;
			buildActionMask = 2147483647;
			files = (
			);
			runOnlyForDeploymentPostprocessing = 0;
		};
/* End PBXFrameworksBuildPhase section */

/* Begin PBXGroup section */
		3FA63DEA2C0EE930004F58E2 = {
			isa = PBXGroup;
			children = (
				3F6C250F2C182CBF0028CA4A /* Book+CoreDataClass.swift */,
				3F6C25102C182CBF0028CA4A /* Book+CoreDataProperties.swift */,
				3F6C25112C182CBF0028CA4A /* Library+CoreDataClass.swift */,
				3F6C25122C182CBF0028CA4A /* Library+CoreDataProperties.swift */,
				3F6C25132C182CBF0028CA4A /* Author+CoreDataClass.swift */,
				3F6C25142C182CBF0028CA4A /* Author+CoreDataProperties.swift */,
				3FA63DF52C0EE930004F58E2 /* bookManagmentApp */,
				3FA63DF42C0EE930004F58E2 /* Products */,
			);
			sourceTree = "<group>";
		};
		3FA63DF42C0EE930004F58E2 /* Products */ = {
			isa = PBXGroup;
			children = (
				3FA63DF32C0EE930004F58E2 /* bookManagmentApp.app */,
			);
			name = Products;
			sourceTree = "<group>";
		};
		3FA63DF52C0EE930004F58E2 /* bookManagmentApp */ = {
			isa = PBXGroup;
			children = (
				3FE6D6CB2C1AD8B10012B1D0 /* ForsenFormView.swift */,
				3FA63DF62C0EE930004F58E2 /* bookManagmentAppApp.swift */,
				3FE6D6CD2C1AD8B30012B1D0 /* ForsenBookViewModel.swift */,
				3FA63DF82C0EE930004F58E2 /* ContentView.swift */,
				3FE6D6C52C1AD6F30012B1D0 /* NewLibraryView.swift */,
				3FE6D6C62C1AD6F30012B1D0 /* NewLibraryViewModel.swift */,
				3FA63DFA2C0EE931004F58E2 /* Assets.xcassets */,
				3FA63DFF2C0EE931004F58E2 /* Persistence.swift */,
				3FA63E012C0EE931004F58E2 /* bookManagmentApp.xcdatamodeld */,
				3FA63DFC2C0EE931004F58E2 /* Preview Content */,
				3FE6D6C32C1AD0B50012B1D0 /* BookView.swift */,
				3FA184DD2C1ADF8500BD07F7 /* AddAuthorView.swift */,
				3FE6D6CF2C1AE13F0012B1D0 /* ToastView.swift */,
			);
			path = bookManagmentApp;
			sourceTree = "<group>";
		};
		3FA63DFC2C0EE931004F58E2 /* Preview Content */ = {
			isa = PBXGroup;
			children = (
				3FA63DFD2C0EE931004F58E2 /* Preview Assets.xcassets */,
			);
			path = "Preview Content";
			sourceTree = "<group>";
		};
/* End PBXGroup section */

/* Begin PBXNativeTarget section */
		3FA63DF22C0EE930004F58E2 /* bookManagmentApp */ = {
			isa = PBXNativeTarget;
			buildConfigurationList = 3FA63E062C0EE931004F58E2 /* Build configuration list for PBXNativeTarget "bookManagmentApp" */;
			buildPhases = (
				3FA63DEF2C0EE930004F58E2 /* Sources */,
				3FA63DF02C0EE930004F58E2 /* Frameworks */,
				3FA63DF12C0EE930004F58E2 /* Resources */,
			);
			buildRules = (
			);
			dependencies = (
			);
			name = bookManagmentApp;
			productName = bookManagmentApp;
			productReference = 3FA63DF32C0EE930004F58E2 /* bookManagmentApp.app */;
			productType = "com.apple.product-type.application";
		};
/* End PBXNativeTarget section */

/* Begin PBXProject section */
		3FA63DEB2C0EE930004F58E2 /* Project object */ = {
			isa = PBXProject;
			attributes = {
				BuildIndependentTargetsInParallel = 1;
				LastSwiftUpdateCheck = 1500;
				LastUpgradeCheck = 1500;
				TargetAttributes = {
					3FA63DF22C0EE930004F58E2 = {
						CreatedOnToolsVersion = 15.0;
					};
				};
			};
			buildConfigurationList = 3FA63DEE2C0EE930004F58E2 /* Build configuration list for PBXProject "bookManagmentApp" */;
			compatibilityVersion = "Xcode 14.0";
			developmentRegion = en;
			hasScannedForEncodings = 0;
			knownRegions = (
				en,
				Base,
			);
			mainGroup = 3FA63DEA2C0EE930004F58E2;
			productRefGroup = 3FA63DF42C0EE930004F58E2 /* Products */;
			projectDirPath = "";
			projectRoot = "";
			targets = (
				3FA63DF22C0EE930004F58E2 /* bookManagmentApp */,
			);
		};
/* End PBXProject section */

/* Begin PBXResourcesBuildPhase section */
		3FA63DF12C0EE930004F58E2 /* Resources */ = {
			isa = PBXResourcesBuildPhase;
			buildActionMask = 2147483647;
			files = (
				3FA63DFE2C0EE931004F58E2 /* Preview Assets.xcassets in Resources */,
				3FA63DFB2C0EE931004F58E2 /* Assets.xcassets in Resources */,
			);
			runOnlyForDeploymentPostprocessing = 0;
		};
/* End PBXResourcesBuildPhase section */

/* Begin PBXSourcesBuildPhase section */
		3FA63DEF2C0EE930004F58E2 /* Sources */ = {
			isa = PBXSourcesBuildPhase;
			buildActionMask = 2147483647;
			files = (
				3FE6D6D02C1AE13F0012B1D0 /* ToastView.swift in Sources */,
				3F6C25152C182CBF0028CA4A /* Book+CoreDataClass.swift in Sources */,
				3FE6D6C72C1AD6F30012B1D0 /* NewLibraryView.swift in Sources */,
				3FA63E002C0EE931004F58E2 /* Persistence.swift in Sources */,
				3F6C25172C182CBF0028CA4A /* Library+CoreDataClass.swift in Sources */,
				3F6C25162C182CBF0028CA4A /* Book+CoreDataProperties.swift in Sources */,
				3FA184DE2C1ADF8500BD07F7 /* AddAuthorView.swift in Sources */,
				3FE6D6CC2C1AD8B10012B1D0 /* ForsenFormView.swift in Sources */,
				3FA63E032C0EE931004F58E2 /* bookManagmentApp.xcdatamodeld in Sources */,
				3FA63DF92C0EE930004F58E2 /* ContentView.swift in Sources */,
				3FE6D6CE2C1AD8B30012B1D0 /* ForsenBookViewModel.swift in Sources */,
				3F6C25192C182CBF0028CA4A /* Author+CoreDataClass.swift in Sources */,
				3F6C25182C182CBF0028CA4A /* Library+CoreDataProperties.swift in Sources */,
				3F6C251A2C182CBF0028CA4A /* Author+CoreDataProperties.swift in Sources */,
				3FE6D6C82C1AD6F30012B1D0 /* NewLibraryViewModel.swift in Sources */,
				3FE6D6C42C1AD0B50012B1D0 /* BookView.swift in Sources */,
				3FA63DF72C0EE930004F58E2 /* bookManagmentAppApp.swift in Sources */,
			);
			runOnlyForDeploymentPostprocessing = 0;
		};
/* End PBXSourcesBuildPhase section */

/* Begin XCBuildConfiguration section */
		3FA63E042C0EE931004F58E2 /* Debug */ = {
			isa = XCBuildConfiguration;
			buildSettings = {
				ALWAYS_SEARCH_USER_PATHS = NO;
				ASSETCATALOG_COMPILER_GENERATE_SWIFT_ASSET_SYMBOL_EXTENSIONS = YES;
				CLANG_ANALYZER_NONNULL = YES;
				CLANG_ANALYZER_NUMBER_OBJECT_CONVERSION = YES_AGGRESSIVE;
				CLANG_CXX_LANGUAGE_STANDARD = "gnu++20";
				CLANG_ENABLE_MODULES = YES;
				CLANG_ENABLE_OBJC_ARC = YES;
				CLANG_ENABLE_OBJC_WEAK = YES;
				CLANG_WARN_BLOCK_CAPTURE_AUTORELEASING = YES;
				CLANG_WARN_BOOL_CONVERSION = YES;
				CLANG_WARN_COMMA = YES;
				CLANG_WARN_CONSTANT_CONVERSION = YES;
				CLANG_WARN_DEPRECATED_OBJC_IMPLEMENTATIONS = YES;
				CLANG_WARN_DIRECT_OBJC_ISA_USAGE = YES_ERROR;
				CLANG_WARN_DOCUMENTATION_COMMENTS = YES;
				CLANG_WARN_EMPTY_BODY = YES;
				CLANG_WARN_ENUM_CONVERSION = YES;
				CLANG_WARN_INFINITE_RECURSION = YES;
				CLANG_WARN_INT_CONVERSION = YES;
				CLANG_WARN_NON_LITERAL_NULL_CONVERSION = YES;
				CLANG_WARN_OBJC_IMPLICIT_RETAIN_SELF = YES;
				CLANG_WARN_OBJC_LITERAL_CONVERSION = YES;
				CLANG_WARN_OBJC_ROOT_CLASS = YES_ERROR;
				CLANG_WARN_QUOTED_INCLUDE_IN_FRAMEWORK_HEADER = YES;
				CLANG_WARN_RANGE_LOOP_ANALYSIS = YES;
				CLANG_WARN_STRICT_PROTOTYPES = YES;
				CLANG_WARN_SUSPICIOUS_MOVE = YES;
				CLANG_WARN_UNGUARDED_AVAILABILITY = YES_AGGRESSIVE;
				CLANG_WARN_UNREACHABLE_CODE = YES;
				CLANG_WARN__DUPLICATE_METHOD_MATCH = YES;
				COPY_PHASE_STRIP = NO;
				DEBUG_INFORMATION_FORMAT = dwarf;
				ENABLE_STRICT_OBJC_MSGSEND = YES;
				ENABLE_TESTABILITY = YES;
				ENABLE_USER_SCRIPT_SANDBOXING = YES;
				GCC_C_LANGUAGE_STANDARD = gnu17;
				GCC_DYNAMIC_NO_PIC = NO;
				GCC_NO_COMMON_BLOCKS = YES;
				GCC_OPTIMIZATION_LEVEL = 0;
				GCC_PREPROCESSOR_DEFINITIONS = (
					"DEBUG=1",
					"$(inherited)",
				);
				GCC_WARN_64_TO_32_BIT_CONVERSION = YES;
				GCC_WARN_ABOUT_RETURN_TYPE = YES_ERROR;
				GCC_WARN_UNDECLARED_SELECTOR = YES;
				GCC_WARN_UNINITIALIZED_AUTOS = YES_AGGRESSIVE;
				GCC_WARN_UNUSED_FUNCTION = YES;
				GCC_WARN_UNUSED_VARIABLE = YES;
				IPHONEOS_DEPLOYMENT_TARGET = 17.0;
				LOCALIZATION_PREFERS_STRING_CATALOGS = YES;
				MTL_ENABLE_DEBUG_INFO = INCLUDE_SOURCE;
				MTL_FAST_MATH = YES;
				ONLY_ACTIVE_ARCH = YES;
				SDKROOT = iphoneos;
				SWIFT_ACTIVE_COMPILATION_CONDITIONS = "DEBUG $(inherited)";
				SWIFT_OPTIMIZATION_LEVEL = "-Onone";
			};
			name = Debug;
		};
		3FA63E052C0EE931004F58E2 /* Release */ = {
			isa = XCBuildConfiguration;
			buildSettings = {
				ALWAYS_SEARCH_USER_PATHS = NO;
				ASSETCATALOG_COMPILER_GENERATE_SWIFT_ASSET_SYMBOL_EXTENSIONS = YES;
				CLANG_ANALYZER_NONNULL = YES;
				CLANG_ANALYZER_NUMBER_OBJECT_CONVERSION = YES_AGGRESSIVE;
				CLANG_CXX_LANGUAGE_STANDARD = "gnu++20";
				CLANG_ENABLE_MODULES = YES;
				CLANG_ENABLE_OBJC_ARC = YES;
				CLANG_ENABLE_OBJC_WEAK = YES;
				CLANG_WARN_BLOCK_CAPTURE_AUTORELEASING = YES;
				CLANG_WARN_BOOL_CONVERSION = YES;
				CLANG_WARN_COMMA = YES;
				CLANG_WARN_CONSTANT_CONVERSION = YES;
				CLANG_WARN_DEPRECATED_OBJC_IMPLEMENTATIONS = YES;
				CLANG_WARN_DIRECT_OBJC_ISA_USAGE = YES_ERROR;
				CLANG_WARN_DOCUMENTATION_COMMENTS = YES;
				CLANG_WARN_EMPTY_BODY = YES;
				CLANG_WARN_ENUM_CONVERSION = YES;
				CLANG_WARN_INFINITE_RECURSION = YES;
				CLANG_WARN_INT_CONVERSION = YES;
				CLANG_WARN_NON_LITERAL_NULL_CONVERSION = YES;
				CLANG_WARN_OBJC_IMPLICIT_RETAIN_SELF = YES;
				CLANG_WARN_OBJC_LITERAL_CONVERSION = YES;
				CLANG_WARN_OBJC_ROOT_CLASS = YES_ERROR;
				CLANG_WARN_QUOTED_INCLUDE_IN_FRAMEWORK_HEADER = YES;
				CLANG_WARN_RANGE_LOOP_ANALYSIS = YES;
				CLANG_WARN_STRICT_PROTOTYPES = YES;
				CLANG_WARN_SUSPICIOUS_MOVE = YES;
				CLANG_WARN_UNGUARDED_AVAILABILITY = YES_AGGRESSIVE;
				CLANG_WARN_UNREACHABLE_CODE = YES;
				CLANG_WARN__DUPLICATE_METHOD_MATCH = YES;
				COPY_PHASE_STRIP = NO;
				DEBUG_INFORMATION_FORMAT = "dwarf-with-dsym";
				ENABLE_NS_ASSERTIONS = NO;
				ENABLE_STRICT_OBJC_MSGSEND = YES;
				ENABLE_USER_SCRIPT_SANDBOXING = YES;
				GCC_C_LANGUAGE_STANDARD = gnu17;
				GCC_NO_COMMON_BLOCKS = YES;
				GCC_WARN_64_TO_32_BIT_CONVERSION = YES;
				GCC_WARN_ABOUT_RETURN_TYPE = YES_ERROR;
				GCC_WARN_UNDECLARED_SELECTOR = YES;
				GCC_WARN_UNINITIALIZED_AUTOS = YES_AGGRESSIVE;
				GCC_WARN_UNUSED_FUNCTION = YES;
				GCC_WARN_UNUSED_VARIABLE = YES;
				IPHONEOS_DEPLOYMENT_TARGET = 17.0;
				LOCALIZATION_PREFERS_STRING_CATALOGS = YES;
				MTL_ENABLE_DEBUG_INFO = NO;
				MTL_FAST_MATH = YES;
				SDKROOT = iphoneos;
				SWIFT_COMPILATION_MODE = wholemodule;
				VALIDATE_PRODUCT = YES;
			};
			name = Release;
		};
		3FA63E072C0EE931004F58E2 /* Debug */ = {
			isa = XCBuildConfiguration;
			buildSettings = {
				ASSETCATALOG_COMPILER_APPICON_NAME = AppIcon;
				ASSETCATALOG_COMPILER_GLOBAL_ACCENT_COLOR_NAME = AccentColor;
				CODE_SIGN_STYLE = Automatic;
				CURRENT_PROJECT_VERSION = 1;
				DEVELOPMENT_ASSET_PATHS = "\"bookManagmentApp/Preview Content\"";
				ENABLE_PREVIEWS = YES;
				GENERATE_INFOPLIST_FILE = YES;
				INFOPLIST_KEY_UIApplicationSceneManifest_Generation = YES;
				INFOPLIST_KEY_UIApplicationSupportsIndirectInputEvents = YES;
				INFOPLIST_KEY_UILaunchScreen_Generation = YES;
				INFOPLIST_KEY_UISupportedInterfaceOrientations_iPad = "UIInterfaceOrientationPortrait UIInterfaceOrientationPortraitUpsideDown UIInterfaceOrientationLandscapeLeft UIInterfaceOrientationLandscapeRight";
				INFOPLIST_KEY_UISupportedInterfaceOrientations_iPhone = "UIInterfaceOrientationPortrait UIInterfaceOrientationLandscapeLeft UIInterfaceOrientationLandscapeRight";
				LD_RUNPATH_SEARCH_PATHS = (
					"$(inherited)",
					"@executable_path/Frameworks",
				);
				MARKETING_VERSION = 1.0;
				PRODUCT_BUNDLE_IDENTIFIER = "Instytut-Informatyki.bookManagmentApp";
				PRODUCT_NAME = "$(TARGET_NAME)";
				SWIFT_EMIT_LOC_STRINGS = YES;
				SWIFT_VERSION = 5.0;
				TARGETED_DEVICE_FAMILY = "1,2";
			};
			name = Debug;
		};
		3FA63E082C0EE931004F58E2 /* Release */ = {
			isa = XCBuildConfiguration;
			buildSettings = {
				ASSETCATALOG_COMPILER_APPICON_NAME = AppIcon;
				ASSETCATALOG_COMPILER_GLOBAL_ACCENT_COLOR_NAME = AccentColor;
				CODE_SIGN_STYLE = Automatic;
				CURRENT_PROJECT_VERSION = 1;
				DEVELOPMENT_ASSET_PATHS = "\"bookManagmentApp/Preview Content\"";
				ENABLE_PREVIEWS = YES;
				GENERATE_INFOPLIST_FILE = YES;
				INFOPLIST_KEY_UIApplicationSceneManifest_Generation = YES;
				INFOPLIST_KEY_UIApplicationSupportsIndirectInputEvents = YES;
				INFOPLIST_KEY_UILaunchScreen_Generation = YES;
				INFOPLIST_KEY_UISupportedInterfaceOrientations_iPad = "UIInterfaceOrientationPortrait UIInterfaceOrientationPortraitUpsideDown UIInterfaceOrientationLandscapeLeft UIInterfaceOrientationLandscapeRight";
				INFOPLIST_KEY_UISupportedInterfaceOrientations_iPhone = "UIInterfaceOrientationPortrait UIInterfaceOrientationLandscapeLeft UIInterfaceOrientationLandscapeRight";
				LD_RUNPATH_SEARCH_PATHS = (
					"$(inherited)",
					"@executable_path/Frameworks",
				);
				MARKETING_VERSION = 1.0;
				PRODUCT_BUNDLE_IDENTIFIER = "Instytut-Informatyki.bookManagmentApp";
				PRODUCT_NAME = "$(TARGET_NAME)";
				SWIFT_EMIT_LOC_STRINGS = YES;
				SWIFT_VERSION = 5.0;
				TARGETED_DEVICE_FAMILY = "1,2";
			};
			name = Release;
		};
/* End XCBuildConfiguration section */

/* Begin XCConfigurationList section */
		3FA63DEE2C0EE930004F58E2 /* Build configuration list for PBXProject "bookManagmentApp" */ = {
			isa = XCConfigurationList;
			buildConfigurations = (
				3FA63E042C0EE931004F58E2 /* Debug */,
				3FA63E052C0EE931004F58E2 /* Release */,
			);
			defaultConfigurationIsVisible = 0;
			defaultConfigurationName = Release;
		};
		3FA63E062C0EE931004F58E2 /* Build configuration list for PBXNativeTarget "bookManagmentApp" */ = {
			isa = XCConfigurationList;
			buildConfigurations = (
				3FA63E072C0EE931004F58E2 /* Debug */,
				3FA63E082C0EE931004F58E2 /* Release */,
			);
			defaultConfigurationIsVisible = 0;
			defaultConfigurationName = Release;
		};
/* End XCConfigurationList section */

/* Begin XCVersionGroup section */
		3FA63E012C0EE931004F58E2 /* bookManagmentApp.xcdatamodeld */ = {
			isa = XCVersionGroup;
			children = (
				3FA63E022C0EE931004F58E2 /* bookManagmentApp.xcdatamodel */,
			);
			currentVersion = 3FA63E022C0EE931004F58E2 /* bookManagmentApp.xcdatamodel */;
			path = bookManagmentApp.xcdatamodeld;
			sourceTree = "<group>";
			versionGroupType = wrapper.xcdatamodel;
		};
/* End XCVersionGroup section */
	};
	rootObject = 3FA63DEB2C0EE930004F58E2 /* Project object */;
}
